PODS:
  - Alamofire (4.9.1)
  - Sodium (0.9.1)
  - SwiftLint (0.43.1)

DEPENDENCIES:
  - Alamofire (= 4.9.1)
  - Sodium
  - SwiftLint

SPEC REPOS:
  trunk:
    - Alamofire
    - Sodium
    - SwiftLint

SPEC CHECKSUMS:
  Alamofire: 85e8a02c69d6020a0d734f6054870d7ecb75cf18
  Sodium: 23d11554ecd556196d313cf6130d406dfe7ac6da
  SwiftLint: 99f82d07b837b942dd563c668de129a03fc3fb52

PODFILE CHECKSUM: a4de5d6e2f43a25d1e27ac8b3744bfff4dffd226

COCOAPODS: 1.10.1
