PODS:
  - Alamofire (4.9.0)
  - Sodium (0.9.1)
  - SwiftLint (0.35.0)

DEPENDENCIES:
  - Alamofire (<= 4.9.0)
  - Sodium
  - SwiftLint

SPEC REPOS:
  trunk:
    - Alamofire
    - Sodium
    - SwiftLint

SPEC CHECKSUMS:
  Alamofire: afc3e7c6db61476cb45cdd23fed06bad03bbc321
  Sodium: 23d11554ecd556196d313cf6130d406dfe7ac6da
  SwiftLint: 5553187048b900c91aa03552807681bb6b027846

PODFILE CHECKSUM: 2d633312923a27d05b7c305b60c7ef7efcc216d0

COCOAPODS: 1.10.1
